
Microsoft Visual Studio Solution File, Format Version 12.00
# Visual Studio Version 17
VisualStudioVersion = 17.8.34330.188
MinimumVisualStudioVersion = 10.0.40219.1
Project("{FAE04EC0-301F-11D3-BF4B-00C04F79EFBC}") = "wally", "wally.csproj", "{21327C1F-DC3A-4409-B7F1-1CAD751C099F}"
EndProject
Global
	GlobalSection(SolutionConfigurationPlatforms) = preSolution
		Debug|Any CPU = Debug|Any CPU
		Release|Any CPU = Release|Any CPU
	EndGlobalSection
	GlobalSection(ProjectConfigurationPlatforms) = postSolution
		{21327C1F-DC3A-4409-B7F1-1CAD751C099F}.Debug|Any CPU.ActiveCfg = Debug|Any CPU
		{21327C1F-DC3A-4409-B7F1-1CAD751C099F}.Debug|Any CPU.Build.0 = Debug|Any CPU
		{21327C1F-DC3A-4409-B7F1-1CAD751C099F}.Release|Any CPU.ActiveCfg = Release|Any CPU
		{21327C1F-DC3A-4409-B7F1-1CAD751C099F}.Release|Any CPU.Build.0 = Release|Any CPU
	EndGlobalSection
	GlobalSection(SolutionProperties) = preSolution
		HideSolutionNode = FALSE
	EndGlobalSection
	GlobalSection(ExtensibilityGlobals) = postSolution
		SolutionGuid = {022EEAE7-E24B-41F2-9336-EDC0C757FB2D}
	EndGlobalSection
EndGlobal
